{
  "nodes": {
    "nixpkgs": {
      "locked": {
        "lastModified": 1788881743,
        "narHash": "sha256-151taSq/21cxagiIu7hyMVl68+FbHfwBP4lh6TB6KOM=",
        "rev": "d6524aaca2ff07876657ae2b323f24be4874944b",
        "type": "tarball",
        "url": "https://releases.nixos.org/nixos/unstable/nixos-26.11pre1069856.d6524aaca2ff/nixexprs.tar.xz"
      },
      "original": {
        "type": "tarball",
        "url": "https://channels.nixos.org/nixos-unstable/nixexprs.tar.xz"
      }
    },
    "root": {
      "inputs": {
        "nixpkgs": "nixpkgs",
        "rust-overlay": "rust-overlay"
      }
    },
    "rust-overlay": {
      "inputs": {
        "nixpkgs": [
          "nixpkgs"
        ]
      },
      "locked": {
        "lastModified": 1788851328,
        "narHash": "sha256-YOwlUD0Lt/3SulKhZ7z0Jmgbq/DWh8SjnGwUlFSw+YM=",
        "owner": "oxalica",
        "repo": "rust-overlay",
        "rev": "6ae57a71bcb0bebc7a66cc2bd76942c4cf649167",
        "type": "github"
      },
      "original": {
        "owner": "oxalica",
        "repo": "rust-overlay",
        "type": "github"
      }
    }
  },
  "root": "root",
  "version": 7
}
